# THIS IS AN AUTOGENERATED FILE. DO NOT EDIT THIS FILE DIRECTLY.
# yarn lockfile v1


nextjs@0.1.0:
  version "0.1.0"
  dependencies:
    "@fortawesome/fontawesome-svg-core" "^6.4.0"
    "@fortawesome/free-brands-svg-icons" "^6.4.0"
    "@fortawesome/free-solid-svg-icons" "^6.4.0"
    "@fortawesome/react-fontawesome" "^0.2.0"
    bootstrap "^5.3.1"
    eslint "8.45.0"
    eslint-config-next "13.4.11"
    next "13.4.11"
    react "18.2.0"
    react-dom "18.2.0"

